dependencies:
- name: ui
  repository: file://../ui
  version: 1.0.0
- name: post
  repository: file://../post
  version: 1.0.0
- name: comment
  repository: file://../comment
  version: 1.0.0
- name: mongodb
  repository: file://../mongodb
  version: 7.8.10
digest: sha256:12a56dba1b267a115532dece84970ae78c62669608215a6264951091d4553660
generated: "2023-07-02T13:55:06.6518016+03:00"
